// !$*UTF8*$!
{
	archiveVersion = 1;
	classes = {
	};
	objectVersion = 50;
	objects = {

/* Begin PBXBuildFile section */
		048584AE270FDCA300DAAE04 /* AppDelegate.swift in Sources */ = {isa = PBXBuildFile; fileRef = 048584AD270FDCA300DAAE04 /* AppDelegate.swift */; };
		048584B0270FDCA300DAAE04 /* SceneDelegate.swift in Sources */ = {isa = PBXBuildFile; fileRef = 048584AF270FDCA300DAAE04 /* SceneDelegate.swift */; };
		048584B2270FDCA300DAAE04 /* ViewController.swift in Sources */ = {isa = PBXBuildFile; fileRef = 048584B1270FDCA300DAAE04 /* ViewController.swift */; };
		048584B5270FDCA300DAAE04 /* Main.storyboard in Resources */ = {isa = PBXBuildFile; fileRef = 048584B3270FDCA300DAAE04 /* Main.storyboard */; };
		048584B8270FDCA300DAAE04 /* ProfileName.xcdatamodeld in Sources */ = {isa = PBXBuildFile; fileRef = 048584B6270FDCA300DAAE04 /* ProfileName.xcdatamodeld */; };
		048584BA270FDCA400DAAE04 /* Assets.xcassets in Resources */ = {isa = PBXBuildFile; fileRef = 048584B9270FDCA400DAAE04 /* Assets.xcassets */; };
		048584BD270FDCA400DAAE04 /* LaunchScreen.storyboard in Resources */ = {isa = PBXBuildFile; fileRef = 048584BB270FDCA400DAAE04 /* LaunchScreen.storyboard */; };
		048584CA270FDD8300DAAE04 /* RoundButton.swift in Sources */ = {isa = PBXBuildFile; fileRef = 048584C9270FDD8300DAAE04 /* RoundButton.swift */; };
		048584CC270FE47000DAAE04 /* CreateViewController.swift in Sources */ = {isa = PBXBuildFile; fileRef = 048584CB270FE47000DAAE04 /* CreateViewController.swift */; };
		048584CE270FE4BB00DAAE04 /* HomeViewController.swift in Sources */ = {isa = PBXBuildFile; fileRef = 048584CD270FE4BB00DAAE04 /* HomeViewController.swift */; };
		048584D0270FE4D000DAAE04 /* EditViewController.swift in Sources */ = {isa = PBXBuildFile; fileRef = 048584CF270FE4D000DAAE04 /* EditViewController.swift */; };
		048584D2270FF51C00DAAE04 /* ProfileModel.swift in Sources */ = {isa = PBXBuildFile; fileRef = 048584D1270FF51C00DAAE04 /* ProfileModel.swift */; };
/* End PBXBuildFile section */

/* Begin PBXFileReference section */
		048584AA270FDCA300DAAE04 /* ProfileName.app */ = {isa = PBXFileReference; explicitFileType = wrapper.application; includeInIndex = 0; path = ProfileName.app; sourceTree = BUILT_PRODUCTS_DIR; };
		048584AD270FDCA300DAAE04 /* AppDelegate.swift */ = {isa = PBXFileReference; lastKnownFileType = sourcecode.swift; path = AppDelegate.swift; sourceTree = "<group>"; };
		048584AF270FDCA300DAAE04 /* SceneDelegate.swift */ = {isa = PBXFileReference; lastKnownFileType = sourcecode.swift; path = SceneDelegate.swift; sourceTree = "<group>"; };
		048584B1270FDCA300DAAE04 /* ViewController.swift */ = {isa = PBXFileReference; lastKnownFileType = sourcecode.swift; path = ViewController.swift; sourceTree = "<group>"; };
		048584B4270FDCA300DAAE04 /* Base */ = {isa = PBXFileReference; lastKnownFileType = file.storyboard; name = Base; path = Base.lproj/Main.storyboard; sourceTree = "<group>"; };
		048584B7270FDCA300DAAE04 /* ProfileName.xcdatamodel */ = {isa = PBXFileReference; lastKnownFileType = wrapper.xcdatamodel; path = ProfileName.xcdatamodel; sourceTree = "<group>"; };
		048584B9270FDCA400DAAE04 /* Assets.xcassets */ = {isa = PBXFileReference; lastKnownFileType = folder.assetcatalog; path = Assets.xcassets; sourceTree = "<group>"; };
		048584BC270FDCA400DAAE04 /* Base */ = {isa = PBXFileReference; lastKnownFileType = file.storyboard; name = Base; path = Base.lproj/LaunchScreen.storyboard; sourceTree = "<group>"; };
		048584BE270FDCA400DAAE04 /* Info.plist */ = {isa = PBXFileReference; lastKnownFileType = text.plist.xml; path = Info.plist; sourceTree = "<group>"; };
		048584C9270FDD8300DAAE04 /* RoundButton.swift */ = {isa = PBXFileReference; lastKnownFileType = sourcecode.swift; path = RoundButton.swift; sourceTree = "<group>"; };
		048584CB270FE47000DAAE04 /* CreateViewController.swift */ = {isa = PBXFileReference; lastKnownFileType = sourcecode.swift; path = CreateViewController.swift; sourceTree = "<group>"; };
		048584CD270FE4BB00DAAE04 /* HomeViewController.swift */ = {isa = PBXFileReference; lastKnownFileType = sourcecode.swift; path = HomeViewController.swift; sourceTree = "<group>"; };
		048584CF270FE4D000DAAE04 /* EditViewController.swift */ = {isa = PBXFileReference; lastKnownFileType = sourcecode.swift; path = EditViewController.swift; sourceTree = "<group>"; };
		048584D1270FF51C00DAAE04 /* ProfileModel.swift */ = {isa = PBXFileReference; lastKnownFileType = sourcecode.swift; path = ProfileModel.swift; sourceTree = "<group>"; };
/* End PBXFileReference section */

/* Begin PBXFrameworksBuildPhase section */
		048584A7270FDCA300DAAE04 /* Frameworks */ = {
			isa = PBXFrameworksBuildPhase;
			buildActionMask = 2147483647;
			files = (
			);
			runOnlyForDeploymentPostprocessing = 0;
		};
/* End PBXFrameworksBuildPhase section */

/* Begin PBXGroup section */
		048584A1270FDCA300DAAE04 = {
			isa = PBXGroup;
			children = (
				048584AC270FDCA300DAAE04 /* ProfileName */,
				048584AB270FDCA300DAAE04 /* Products */,
			);
			sourceTree = "<group>";
		};
		048584AB270FDCA300DAAE04 /* Products */ = {
			isa = PBXGroup;
			children = (
				048584AA270FDCA300DAAE04 /* ProfileName.app */,
			);
			name = Products;
			sourceTree = "<group>";
		};
		048584AC270FDCA300DAAE04 /* ProfileName */ = {
			isa = PBXGroup;
			children = (
				048584C8270FDD4C00DAAE04 /* View */,
				048584C7270FDD4500DAAE04 /* Controller */,
				048584C6270FDD4200DAAE04 /* Base */,
				048584C5270FDD3C00DAAE04 /* Util */,
				048584C4270FDD3900DAAE04 /* Model */,
				048584B1270FDCA300DAAE04 /* ViewController.swift */,
				048584B3270FDCA300DAAE04 /* Main.storyboard */,
				048584B9270FDCA400DAAE04 /* Assets.xcassets */,
				048584BB270FDCA400DAAE04 /* LaunchScreen.storyboard */,
				048584BE270FDCA400DAAE04 /* Info.plist */,
				048584B6270FDCA300DAAE04 /* ProfileName.xcdatamodeld */,
			);
			path = ProfileName;
			sourceTree = "<group>";
		};
		048584C4270FDD3900DAAE04 /* Model */ = {
			isa = PBXGroup;
			children = (
				048584D1270FF51C00DAAE04 /* ProfileModel.swift */,
			);
			path = Model;
			sourceTree = "<group>";
		};
		048584C5270FDD3C00DAAE04 /* Util */ = {
			isa = PBXGroup;
			children = (
				048584C9270FDD8300DAAE04 /* RoundButton.swift */,
			);
			path = Util;
			sourceTree = "<group>";
		};
		048584C6270FDD4200DAAE04 /* Base */ = {
			isa = PBXGroup;
			children = (
				048584AD270FDCA300DAAE04 /* AppDelegate.swift */,
				048584AF270FDCA300DAAE04 /* SceneDelegate.swift */,
			);
			path = Base;
			sourceTree = "<group>";
		};
		048584C7270FDD4500DAAE04 /* Controller */ = {
			isa = PBXGroup;
			children = (
				048584CB270FE47000DAAE04 /* CreateViewController.swift */,
				048584CD270FE4BB00DAAE04 /* HomeViewController.swift */,
				048584CF270FE4D000DAAE04 /* EditViewController.swift */,
			);
			path = Controller;
			sourceTree = "<group>";
		};
		048584C8270FDD4C00DAAE04 /* View */ = {
			isa = PBXGroup;
			children = (
			);
			path = View;
			sourceTree = "<group>";
		};
/* End PBXGroup section */

/* Begin PBXNativeTarget section */
		048584A9270FDCA300DAAE04 /* ProfileName */ = {
			isa = PBXNativeTarget;
			buildConfigurationList = 048584C1270FDCA400DAAE04 /* Build configuration list for PBXNativeTarget "ProfileName" */;
			buildPhases = (
				048584A6270FDCA300DAAE04 /* Sources */,
				048584A7270FDCA300DAAE04 /* Frameworks */,
				048584A8270FDCA300DAAE04 /* Resources */,
			);
			buildRules = (
			);
			dependencies = (
			);
			name = ProfileName;
			productName = ProfileName;
			productReference = 048584AA270FDCA300DAAE04 /* ProfileName.app */;
			productType = "com.apple.product-type.application";
		};
/* End PBXNativeTarget section */

/* Begin PBXProject section */
		048584A2270FDCA300DAAE04 /* Project object */ = {
			isa = PBXProject;
			attributes = {
				LastSwiftUpdateCheck = 1250;
				LastUpgradeCheck = 1250;
				TargetAttributes = {
					048584A9270FDCA300DAAE04 = {
						CreatedOnToolsVersion = 12.5.1;
					};
				};
			};
			buildConfigurationList = 048584A5270FDCA300DAAE04 /* Build configuration list for PBXProject "ProfileName" */;
			compatibilityVersion = "Xcode 9.3";
			developmentRegion = en;
			hasScannedForEncodings = 0;
			knownRegions = (
				en,
				Base,
			);
			mainGroup = 048584A1270FDCA300DAAE04;
			productRefGroup = 048584AB270FDCA300DAAE04 /* Products */;
			projectDirPath = "";
			projectRoot = "";
			targets = (
				048584A9270FDCA300DAAE04 /* ProfileName */,
			);
		};
/* End PBXProject section */

/* Begin PBXResourcesBuildPhase section */
		048584A8270FDCA300DAAE04 /* Resources */ = {
			isa = PBXResourcesBuildPhase;
			buildActionMask = 2147483647;
			files = (
				048584BD270FDCA400DAAE04 /* LaunchScreen.storyboard in Resources */,
				048584BA270FDCA400DAAE04 /* Assets.xcassets in Resources */,
				048584B5270FDCA300DAAE04 /* Main.storyboard in Resources */,
			);
			runOnlyForDeploymentPostprocessing = 0;
		};
/* End PBXResourcesBuildPhase section */

/* Begin PBXSourcesBuildPhase section */
		048584A6270FDCA300DAAE04 /* Sources */ = {
			isa = PBXSourcesBuildPhase;
			buildActionMask = 2147483647;
			files = (
				048584D2270FF51C00DAAE04 /* ProfileModel.swift in Sources */,
				048584D0270FE4D000DAAE04 /* EditViewController.swift in Sources */,
				048584B2270FDCA300DAAE04 /* ViewController.swift in Sources */,
				048584CA270FDD8300DAAE04 /* RoundButton.swift in Sources */,
				048584CC270FE47000DAAE04 /* CreateViewController.swift in Sources */,
				048584AE270FDCA300DAAE04 /* AppDelegate.swift in Sources */,
				048584B8270FDCA300DAAE04 /* ProfileName.xcdatamodeld in Sources */,
				048584CE270FE4BB00DAAE04 /* HomeViewController.swift in Sources */,
				048584B0270FDCA300DAAE04 /* SceneDelegate.swift in Sources */,
			);
			runOnlyForDeploymentPostprocessing = 0;
		};
/* End PBXSourcesBuildPhase section */

/* Begin PBXVariantGroup section */
		048584B3270FDCA300DAAE04 /* Main.storyboard */ = {
			isa = PBXVariantGroup;
			children = (
				048584B4270FDCA300DAAE04 /* Base */,
			);
			name = Main.storyboard;
			sourceTree = "<group>";
		};
		048584BB270FDCA400DAAE04 /* LaunchScreen.storyboard */ = {
			isa = PBXVariantGroup;
			children = (
				048584BC270FDCA400DAAE04 /* Base */,
			);
			name = LaunchScreen.storyboard;
			sourceTree = "<group>";
		};
/* End PBXVariantGroup section */

/* Begin XCBuildConfiguration section */
		048584BF270FDCA400DAAE04 /* Debug */ = {
			isa = XCBuildConfiguration;
			buildSettings = {
				ALWAYS_SEARCH_USER_PATHS = NO;
				CLANG_ANALYZER_NONNULL = YES;
				CLANG_ANALYZER_NUMBER_OBJECT_CONVERSION = YES_AGGRESSIVE;
				CLANG_CXX_LANGUAGE_STANDARD = "gnu++14";
				CLANG_CXX_LIBRARY = "libc++";
				CLANG_ENABLE_MODULES = YES;
				CLANG_ENABLE_OBJC_ARC = YES;
				CLANG_ENABLE_OBJC_WEAK = YES;
				CLANG_WARN_BLOCK_CAPTURE_AUTORELEASING = YES;
				CLANG_WARN_BOOL_CONVERSION = YES;
				CLANG_WARN_COMMA = YES;
				CLANG_WARN_CONSTANT_CONVERSION = YES;
				CLANG_WARN_DEPRECATED_OBJC_IMPLEMENTATIONS = YES;
				CLANG_WARN_DIRECT_OBJC_ISA_USAGE = YES_ERROR;
				CLANG_WARN_DOCUMENTATION_COMMENTS = YES;
				CLANG_WARN_EMPTY_BODY = YES;
				CLANG_WARN_ENUM_CONVERSION = YES;
				CLANG_WARN_INFINITE_RECURSION = YES;
				CLANG_WARN_INT_CONVERSION = YES;
				CLANG_WARN_NON_LITERAL_NULL_CONVERSION = YES;
				CLANG_WARN_OBJC_IMPLICIT_RETAIN_SELF = YES;
				CLANG_WARN_OBJC_LITERAL_CONVERSION = YES;
				CLANG_WARN_OBJC_ROOT_CLASS = YES_ERROR;
				CLANG_WARN_QUOTED_INCLUDE_IN_FRAMEWORK_HEADER = YES;
				CLANG_WARN_RANGE_LOOP_ANALYSIS = YES;
				CLANG_WARN_STRICT_PROTOTYPES = YES;
				CLANG_WARN_SUSPICIOUS_MOVE = YES;
				CLANG_WARN_UNGUARDED_AVAILABILITY = YES_AGGRESSIVE;
				CLANG_WARN_UNREACHABLE_CODE = YES;
				CLANG_WARN__DUPLICATE_METHOD_MATCH = YES;
				COPY_PHASE_STRIP = NO;
				DEBUG_INFORMATION_FORMAT = dwarf;
				ENABLE_STRICT_OBJC_MSGSEND = YES;
				ENABLE_TESTABILITY = YES;
				GCC_C_LANGUAGE_STANDARD = gnu11;
				GCC_DYNAMIC_NO_PIC = NO;
				GCC_NO_COMMON_BLOCKS = YES;
				GCC_OPTIMIZATION_LEVEL = 0;
				GCC_PREPROCESSOR_DEFINITIONS = (
					"DEBUG=1",
					"$(inherited)",
				);
				GCC_WARN_64_TO_32_BIT_CONVERSION = YES;
				GCC_WARN_ABOUT_RETURN_TYPE = YES_ERROR;
				GCC_WARN_UNDECLARED_SELECTOR = YES;
				GCC_WARN_UNINITIALIZED_AUTOS = YES_AGGRESSIVE;
				GCC_WARN_UNUSED_FUNCTION = YES;
				GCC_WARN_UNUSED_VARIABLE = YES;
				IPHONEOS_DEPLOYMENT_TARGET = 14.5;
				MTL_ENABLE_DEBUG_INFO = INCLUDE_SOURCE;
				MTL_FAST_MATH = YES;
				ONLY_ACTIVE_ARCH = YES;
				SDKROOT = iphoneos;
				SWIFT_ACTIVE_COMPILATION_CONDITIONS = DEBUG;
				SWIFT_OPTIMIZATION_LEVEL = "-Onone";
			};
			name = Debug;
		};
		048584C0270FDCA400DAAE04 /* Release */ = {
			isa = XCBuildConfiguration;
			buildSettings = {
				ALWAYS_SEARCH_USER_PATHS = NO;
				CLANG_ANALYZER_NONNULL = YES;
				CLANG_ANALYZER_NUMBER_OBJECT_CONVERSION = YES_AGGRESSIVE;
				CLANG_CXX_LANGUAGE_STANDARD = "gnu++14";
				CLANG_CXX_LIBRARY = "libc++";
				CLANG_ENABLE_MODULES = YES;
				CLANG_ENABLE_OBJC_ARC = YES;
				CLANG_ENABLE_OBJC_WEAK = YES;
				CLANG_WARN_BLOCK_CAPTURE_AUTORELEASING = YES;
				CLANG_WARN_BOOL_CONVERSION = YES;
				CLANG_WARN_COMMA = YES;
				CLANG_WARN_CONSTANT_CONVERSION = YES;
				CLANG_WARN_DEPRECATED_OBJC_IMPLEMENTATIONS = YES;
				CLANG_WARN_DIRECT_OBJC_ISA_USAGE = YES_ERROR;
				CLANG_WARN_DOCUMENTATION_COMMENTS = YES;
				CLANG_WARN_EMPTY_BODY = YES;
				CLANG_WARN_ENUM_CONVERSION = YES;
				CLANG_WARN_INFINITE_RECURSION = YES;
				CLANG_WARN_INT_CONVERSION = YES;
				CLANG_WARN_NON_LITERAL_NULL_CONVERSION = YES;
				CLANG_WARN_OBJC_IMPLICIT_RETAIN_SELF = YES;
				CLANG_WARN_OBJC_LITERAL_CONVERSION = YES;
				CLANG_WARN_OBJC_ROOT_CLASS = YES_ERROR;
				CLANG_WARN_QUOTED_INCLUDE_IN_FRAMEWORK_HEADER = YES;
				CLANG_WARN_RANGE_LOOP_ANALYSIS = YES;
				CLANG_WARN_STRICT_PROTOTYPES = YES;
				CLANG_WARN_SUSPICIOUS_MOVE = YES;
				CLANG_WARN_UNGUARDED_AVAILABILITY = YES_AGGRESSIVE;
				CLANG_WARN_UNREACHABLE_CODE = YES;
				CLANG_WARN__DUPLICATE_METHOD_MATCH = YES;
				COPY_PHASE_STRIP = NO;
				DEBUG_INFORMATION_FORMAT = "dwarf-with-dsym";
				ENABLE_NS_ASSERTIONS = NO;
				ENABLE_STRICT_OBJC_MSGSEND = YES;
				GCC_C_LANGUAGE_STANDARD = gnu11;
				GCC_NO_COMMON_BLOCKS = YES;
				GCC_WARN_64_TO_32_BIT_CONVERSION = YES;
				GCC_WARN_ABOUT_RETURN_TYPE = YES_ERROR;
				GCC_WARN_UNDECLARED_SELECTOR = YES;
				GCC_WARN_UNINITIALIZED_AUTOS = YES_AGGRESSIVE;
				GCC_WARN_UNUSED_FUNCTION = YES;
				GCC_WARN_UNUSED_VARIABLE = YES;
				IPHONEOS_DEPLOYMENT_TARGET = 14.5;
				MTL_ENABLE_DEBUG_INFO = NO;
				MTL_FAST_MATH = YES;
				SDKROOT = iphoneos;
				SWIFT_COMPILATION_MODE = wholemodule;
				SWIFT_OPTIMIZATION_LEVEL = "-O";
				VALIDATE_PRODUCT = YES;
			};
			name = Release;
		};
		048584C2270FDCA400DAAE04 /* Debug */ = {
			isa = XCBuildConfiguration;
			buildSettings = {
				ASSETCATALOG_COMPILER_APPICON_NAME = AppIcon;
				ASSETCATALOG_COMPILER_GLOBAL_ACCENT_COLOR_NAME = AccentColor;
				CODE_SIGN_STYLE = Automatic;
				DEVELOPMENT_TEAM = KCZ9U3V7VQ;
				INFOPLIST_FILE = ProfileName/Info.plist;
				LD_RUNPATH_SEARCH_PATHS = (
					"$(inherited)",
					"@executable_path/Frameworks",
				);
				MARKETING_VERSION = 1.0;
				PRODUCT_BUNDLE_IDENTIFIER = com.dicoding.academy.ProfileName;
				PRODUCT_NAME = "$(TARGET_NAME)";
				SWIFT_VERSION = 5.0;
				TARGETED_DEVICE_FAMILY = "1,2";
			};
			name = Debug;
		};
		048584C3270FDCA400DAAE04 /* Release */ = {
			isa = XCBuildConfiguration;
			buildSettings = {
				ASSETCATALOG_COMPILER_APPICON_NAME = AppIcon;
				ASSETCATALOG_COMPILER_GLOBAL_ACCENT_COLOR_NAME = AccentColor;
				CODE_SIGN_STYLE = Automatic;
				DEVELOPMENT_TEAM = KCZ9U3V7VQ;
				INFOPLIST_FILE = ProfileName/Info.plist;
				LD_RUNPATH_SEARCH_PATHS = (
					"$(inherited)",
					"@executable_path/Frameworks",
				);
				MARKETING_VERSION = 1.0;
				PRODUCT_BUNDLE_IDENTIFIER = com.dicoding.academy.ProfileName;
				PRODUCT_NAME = "$(TARGET_NAME)";
				SWIFT_VERSION = 5.0;
				TARGETED_DEVICE_FAMILY = "1,2";
			};
			name = Release;
		};
/* End XCBuildConfiguration section */

/* Begin XCConfigurationList section */
		048584A5270FDCA300DAAE04 /* Build configuration list for PBXProject "ProfileName" */ = {
			isa = XCConfigurationList;
			buildConfigurations = (
				048584BF270FDCA400DAAE04 /* Debug */,
				048584C0270FDCA400DAAE04 /* Release */,
			);
			defaultConfigurationIsVisible = 0;
			defaultConfigurationName = Release;
		};
		048584C1270FDCA400DAAE04 /* Build configuration list for PBXNativeTarget "ProfileName" */ = {
			isa = XCConfigurationList;
			buildConfigurations = (
				048584C2270FDCA400DAAE04 /* Debug */,
				048584C3270FDCA400DAAE04 /* Release */,
			);
			defaultConfigurationIsVisible = 0;
			defaultConfigurationName = Release;
		};
/* End XCConfigurationList section */

/* Begin XCVersionGroup section */
		048584B6270FDCA300DAAE04 /* ProfileName.xcdatamodeld */ = {
			isa = XCVersionGroup;
			children = (
				048584B7270FDCA300DAAE04 /* ProfileName.xcdatamodel */,
			);
			currentVersion = 048584B7270FDCA300DAAE04 /* ProfileName.xcdatamodel */;
			path = ProfileName.xcdatamodeld;
			sourceTree = "<group>";
			versionGroupType = wrapper.xcdatamodel;
		};
/* End XCVersionGroup section */
	};
	rootObject = 048584A2270FDCA300DAAE04 /* Project object */;
}
